{
  "requires": true,
  "lockfileVersion": 1,
  "dependencies": {
    "@splidejs/splide": {
      "version": "2.3.0",
      "resolved": "https://registry.npmjs.org/@splidejs/splide/-/splide-2.3.0.tgz",
      "integrity": "sha512-6qUtXyOBJHMpMlF8vsR896XOk4YKu4JH3SbRGgDH6w8EF3Ve43rKlhuAfdUo8/iRb0oaGIVzhCreCnUDSrTCLA=="
    }
  }
}
